
Microsoft Visual Studio Solution File, Format Version 12.00
# Visual Studio Version 16
VisualStudioVersion = 16.0.31205.134
MinimumVisualStudioVersion = 10.0.40219.1
Project("{9A19103F-16F7-4668-BE54-9A1E7A4F7556}") = "ValueTB", "ValueTB.csproj", "{FB14A4D0-EC8C-4F15-8D73-29C640C1095C}"
EndProject
Global
	GlobalSection(SolutionConfigurationPlatforms) = preSolution
		Debug|Any CPU = Debug|Any CPU
		Release|Any CPU = Release|Any CPU
	EndGlobalSection
	GlobalSection(ProjectConfigurationPlatforms) = postSolution
		{FB14A4D0-EC8C-4F15-8D73-29C640C1095C}.Debug|Any CPU.ActiveCfg = Debug|Any CPU
		{FB14A4D0-EC8C-4F15-8D73-29C640C1095C}.Debug|Any CPU.Build.0 = Debug|Any CPU
		{FB14A4D0-EC8C-4F15-8D73-29C640C1095C}.Release|Any CPU.ActiveCfg = Release|Any CPU
		{FB14A4D0-EC8C-4F15-8D73-29C640C1095C}.Release|Any CPU.Build.0 = Release|Any CPU
	EndGlobalSection
	GlobalSection(SolutionProperties) = preSolution
		HideSolutionNode = FALSE
	EndGlobalSection
	GlobalSection(ExtensibilityGlobals) = postSolution
		SolutionGuid = {8DD83455-2C29-421F-A97D-D2713E3CEF5D}
	EndGlobalSection
EndGlobal
